
Microsoft Visual Studio Solution File, Format Version 12.00
Project("{FAE04EC0-301F-11D3-BF4B-00C04F79EFBC}") = "ProductCatalog.API", "ProductCatalog.API\ProductCatalog.API.csproj", "{4FDB6561-7A3D-4F35-BD19-EF8F93A14967}"
EndProject
Project("{FAE04EC0-301F-11D3-BF4B-00C04F79EFBC}") = "ProductCatalog.Infrastructure", "ProductCatalog.Infrastructure\ProductCatalog.Infrastructure.csproj", "{7653AE43-CA3D-4E70-A1F0-8262A03F21EA}"
EndProject
Project("{FAE04EC0-301F-11D3-BF4B-00C04F79EFBC}") = "Orders.API", "Orders.API\Orders.API.csproj", "{38E8DCE5-37D0-4CBC-9B01-AC570C9559A3}"
EndProject
Project("{FAE04EC0-301F-11D3-BF4B-00C04F79EFBC}") = "Identity.API", "Identity.API\Identity.API.csproj", "{D6F50857-F721-453A-B1DC-EB44B5B5BC96}"
EndProject
Project("{2150E333-8FDC-42A3-9474-1A3956D46DE8}") = "ProductCatalog", "ProductCatalog", "{0CEE8BA1-4A44-4349-9A59-0CD9D980454E}"
EndProject
Project("{2150E333-8FDC-42A3-9474-1A3956D46DE8}") = "Orders", "Orders", "{6D5F52EA-117B-46CF-A30A-9D039E2984F1}"
EndProject
Project("{2150E333-8FDC-42A3-9474-1A3956D46DE8}") = "Identity", "Identity", "{19093505-2340-4DAE-A1BD-EF66E9C16374}"
EndProject
Project("{FAE04EC0-301F-11D3-BF4B-00C04F79EFBC}") = "Orders.Infrastructure", "Orders.Infrastructure\Orders.Infrastructure.csproj", "{FFF84B33-2C11-4FFB-8D9C-BB1844DF139C}"
EndProject
Project("{FAE04EC0-301F-11D3-BF4B-00C04F79EFBC}") = "ProductCatalog.Domain", "ProductCatalog.Domain\ProductCatalog.Domain.csproj", "{AE6BDBFB-020E-441D-9E14-218357D0FE38}"
EndProject
Project("{FAE04EC0-301F-11D3-BF4B-00C04F79EFBC}") = "ProductCatalog.Application", "ProductCatalog.Application\ProductCatalog.Application.csproj", "{C9839F43-3CF0-4882-9D16-73AD0789635F}"
EndProject
Project("{2150E333-8FDC-42A3-9474-1A3956D46DE8}") = "Shared", "Shared", "{F075761C-3D62-4A88-81F3-4C031BDDCF28}"
EndProject
Project("{FAE04EC0-301F-11D3-BF4B-00C04F79EFBC}") = "Shared", "Shared\Shared.csproj", "{8083654D-C518-41BF-B5C5-328C1F49351A}"
EndProject
Project("{FAE04EC0-301F-11D3-BF4B-00C04F79EFBC}") = "Orders.Domain", "Orders.Domain\Orders.Domain.csproj", "{17C49E9F-DEA2-4874-AC0A-33A6B616140C}"
EndProject
Project("{FAE04EC0-301F-11D3-BF4B-00C04F79EFBC}") = "Orders.Application", "Orders.Application\Orders.Application.csproj", "{63D51F08-458D-492F-BEAB-2734485237D7}"
EndProject
Global
	GlobalSection(SolutionConfigurationPlatforms) = preSolution
		Debug|Any CPU = Debug|Any CPU
		Release|Any CPU = Release|Any CPU
	EndGlobalSection
	GlobalSection(ProjectConfigurationPlatforms) = postSolution
		{4FDB6561-7A3D-4F35-BD19-EF8F93A14967}.Debug|Any CPU.ActiveCfg = Debug|Any CPU
		{4FDB6561-7A3D-4F35-BD19-EF8F93A14967}.Debug|Any CPU.Build.0 = Debug|Any CPU
		{4FDB6561-7A3D-4F35-BD19-EF8F93A14967}.Release|Any CPU.ActiveCfg = Release|Any CPU
		{4FDB6561-7A3D-4F35-BD19-EF8F93A14967}.Release|Any CPU.Build.0 = Release|Any CPU
		{7653AE43-CA3D-4E70-A1F0-8262A03F21EA}.Debug|Any CPU.ActiveCfg = Debug|Any CPU
		{7653AE43-CA3D-4E70-A1F0-8262A03F21EA}.Debug|Any CPU.Build.0 = Debug|Any CPU
		{7653AE43-CA3D-4E70-A1F0-8262A03F21EA}.Release|Any CPU.ActiveCfg = Release|Any CPU
		{7653AE43-CA3D-4E70-A1F0-8262A03F21EA}.Release|Any CPU.Build.0 = Release|Any CPU
		{38E8DCE5-37D0-4CBC-9B01-AC570C9559A3}.Debug|Any CPU.ActiveCfg = Debug|Any CPU
		{38E8DCE5-37D0-4CBC-9B01-AC570C9559A3}.Debug|Any CPU.Build.0 = Debug|Any CPU
		{38E8DCE5-37D0-4CBC-9B01-AC570C9559A3}.Release|Any CPU.ActiveCfg = Release|Any CPU
		{38E8DCE5-37D0-4CBC-9B01-AC570C9559A3}.Release|Any CPU.Build.0 = Release|Any CPU
		{D6F50857-F721-453A-B1DC-EB44B5B5BC96}.Debug|Any CPU.ActiveCfg = Debug|Any CPU
		{D6F50857-F721-453A-B1DC-EB44B5B5BC96}.Debug|Any CPU.Build.0 = Debug|Any CPU
		{D6F50857-F721-453A-B1DC-EB44B5B5BC96}.Release|Any CPU.ActiveCfg = Release|Any CPU
		{D6F50857-F721-453A-B1DC-EB44B5B5BC96}.Release|Any CPU.Build.0 = Release|Any CPU
		{FFF84B33-2C11-4FFB-8D9C-BB1844DF139C}.Debug|Any CPU.ActiveCfg = Debug|Any CPU
		{FFF84B33-2C11-4FFB-8D9C-BB1844DF139C}.Debug|Any CPU.Build.0 = Debug|Any CPU
		{FFF84B33-2C11-4FFB-8D9C-BB1844DF139C}.Release|Any CPU.ActiveCfg = Release|Any CPU
		{FFF84B33-2C11-4FFB-8D9C-BB1844DF139C}.Release|Any CPU.Build.0 = Release|Any CPU
		{AE6BDBFB-020E-441D-9E14-218357D0FE38}.Debug|Any CPU.ActiveCfg = Debug|Any CPU
		{AE6BDBFB-020E-441D-9E14-218357D0FE38}.Debug|Any CPU.Build.0 = Debug|Any CPU
		{AE6BDBFB-020E-441D-9E14-218357D0FE38}.Release|Any CPU.ActiveCfg = Release|Any CPU
		{AE6BDBFB-020E-441D-9E14-218357D0FE38}.Release|Any CPU.Build.0 = Release|Any CPU
		{C9839F43-3CF0-4882-9D16-73AD0789635F}.Debug|Any CPU.ActiveCfg = Debug|Any CPU
		{C9839F43-3CF0-4882-9D16-73AD0789635F}.Debug|Any CPU.Build.0 = Debug|Any CPU
		{C9839F43-3CF0-4882-9D16-73AD0789635F}.Release|Any CPU.ActiveCfg = Release|Any CPU
		{C9839F43-3CF0-4882-9D16-73AD0789635F}.Release|Any CPU.Build.0 = Release|Any CPU
		{8083654D-C518-41BF-B5C5-328C1F49351A}.Debug|Any CPU.ActiveCfg = Debug|Any CPU
		{8083654D-C518-41BF-B5C5-328C1F49351A}.Debug|Any CPU.Build.0 = Debug|Any CPU
		{8083654D-C518-41BF-B5C5-328C1F49351A}.Release|Any CPU.ActiveCfg = Release|Any CPU
		{8083654D-C518-41BF-B5C5-328C1F49351A}.Release|Any CPU.Build.0 = Release|Any CPU
		{17C49E9F-DEA2-4874-AC0A-33A6B616140C}.Debug|Any CPU.ActiveCfg = Debug|Any CPU
		{17C49E9F-DEA2-4874-AC0A-33A6B616140C}.Debug|Any CPU.Build.0 = Debug|Any CPU
		{17C49E9F-DEA2-4874-AC0A-33A6B616140C}.Release|Any CPU.ActiveCfg = Release|Any CPU
		{17C49E9F-DEA2-4874-AC0A-33A6B616140C}.Release|Any CPU.Build.0 = Release|Any CPU
		{63D51F08-458D-492F-BEAB-2734485237D7}.Debug|Any CPU.ActiveCfg = Debug|Any CPU
		{63D51F08-458D-492F-BEAB-2734485237D7}.Debug|Any CPU.Build.0 = Debug|Any CPU
		{63D51F08-458D-492F-BEAB-2734485237D7}.Release|Any CPU.ActiveCfg = Release|Any CPU
		{63D51F08-458D-492F-BEAB-2734485237D7}.Release|Any CPU.Build.0 = Release|Any CPU
	EndGlobalSection
	GlobalSection(NestedProjects) = preSolution
		{4FDB6561-7A3D-4F35-BD19-EF8F93A14967} = {0CEE8BA1-4A44-4349-9A59-0CD9D980454E}
		{7653AE43-CA3D-4E70-A1F0-8262A03F21EA} = {0CEE8BA1-4A44-4349-9A59-0CD9D980454E}
		{38E8DCE5-37D0-4CBC-9B01-AC570C9559A3} = {6D5F52EA-117B-46CF-A30A-9D039E2984F1}
		{D6F50857-F721-453A-B1DC-EB44B5B5BC96} = {19093505-2340-4DAE-A1BD-EF66E9C16374}
		{FFF84B33-2C11-4FFB-8D9C-BB1844DF139C} = {6D5F52EA-117B-46CF-A30A-9D039E2984F1}
		{AE6BDBFB-020E-441D-9E14-218357D0FE38} = {0CEE8BA1-4A44-4349-9A59-0CD9D980454E}
		{C9839F43-3CF0-4882-9D16-73AD0789635F} = {0CEE8BA1-4A44-4349-9A59-0CD9D980454E}
		{8083654D-C518-41BF-B5C5-328C1F49351A} = {F075761C-3D62-4A88-81F3-4C031BDDCF28}
		{17C49E9F-DEA2-4874-AC0A-33A6B616140C} = {6D5F52EA-117B-46CF-A30A-9D039E2984F1}
		{63D51F08-458D-492F-BEAB-2734485237D7} = {6D5F52EA-117B-46CF-A30A-9D039E2984F1}
	EndGlobalSection
EndGlobal
